// !$*UTF8*$!
{
	archiveVersion = 1;
	classes = {
	};
	objectVersion = 50;
	objects = {

/* Begin PBXBuildFile section */
		030B977EC75649A2EDA24B51 /* libPods-app3UITests.a in Frameworks */ = {isa = PBXBuildFile; fileRef = 7B04329BBBDF376FF22E5E19 /* libPods-app3UITests.a */; };
		4C2492CE221806DA00D9E4F0 /* AppDelegate.m in Sources */ = {isa = PBXBuildFile; fileRef = 4C2492CD221806DA00D9E4F0 /* AppDelegate.m */; };
		4C2492D1221806DA00D9E4F0 /* ViewController.m in Sources */ = {isa = PBXBuildFile; fileRef = 4C2492D0221806DA00D9E4F0 /* ViewController.m */; };
		4C2492D4221806DA00D9E4F0 /* Main.storyboard in Resources */ = {isa = PBXBuildFile; fileRef = 4C2492D2221806DA00D9E4F0 /* Main.storyboard */; };
		4C2492D6221806DB00D9E4F0 /* Assets.xcassets in Resources */ = {isa = PBXBuildFile; fileRef = 4C2492D5221806DB00D9E4F0 /* Assets.xcassets */; };
		4C2492D9221806DB00D9E4F0 /* LaunchScreen.storyboard in Resources */ = {isa = PBXBuildFile; fileRef = 4C2492D7221806DB00D9E4F0 /* LaunchScreen.storyboard */; };
		4C2492DC221806DB00D9E4F0 /* main.m in Sources */ = {isa = PBXBuildFile; fileRef = 4C2492DB221806DB00D9E4F0 /* main.m */; };
		4C2492E6221806DC00D9E4F0 /* app3Tests.m in Sources */ = {isa = PBXBuildFile; fileRef = 4C2492E5221806DC00D9E4F0 /* app3Tests.m */; };
		4C2492F1221806DC00D9E4F0 /* app3UITests.m in Sources */ = {isa = PBXBuildFile; fileRef = 4C2492F0221806DC00D9E4F0 /* app3UITests.m */; };
		4C2493042218119E00D9E4F0 /* GoogleService-Info.plist in Resources */ = {isa = PBXBuildFile; fileRef = 4C2493032218119E00D9E4F0 /* GoogleService-Info.plist */; };
		4C2493052218119E00D9E4F0 /* GoogleService-Info.plist in Resources */ = {isa = PBXBuildFile; fileRef = 4C2493032218119E00D9E4F0 /* GoogleService-Info.plist */; };
		4C2493062218119E00D9E4F0 /* GoogleService-Info.plist in Resources */ = {isa = PBXBuildFile; fileRef = 4C2493032218119E00D9E4F0 /* GoogleService-Info.plist */; };
		4C24930F22181EB900D9E4F0 /* MapAnnotation.m in Sources */ = {isa = PBXBuildFile; fileRef = 4C24930E22181EB900D9E4F0 /* MapAnnotation.m */; };
		4C2493122218360300D9E4F0 /* PopOverViewController.m in Sources */ = {isa = PBXBuildFile; fileRef = 4C2493112218360200D9E4F0 /* PopOverViewController.m */; };
		4C7F4EAC221892250062380B /* DonationCell.m in Sources */ = {isa = PBXBuildFile; fileRef = 4C7F4EAB221892250062380B /* DonationCell.m */; };
		4C7F4EAF221893420062380B /* DonationTableViewController.m in Sources */ = {isa = PBXBuildFile; fileRef = 4C7F4EAE221893420062380B /* DonationTableViewController.m */; };
		4C7F4EB12218A4550062380B /* OpeningScreen.storyboard in Resources */ = {isa = PBXBuildFile; fileRef = 4C7F4EB02218A4540062380B /* OpeningScreen.storyboard */; };
		4C7F4EB42218B6DE0062380B /* Donation.m in Sources */ = {isa = PBXBuildFile; fileRef = 4C7F4EB32218B6DE0062380B /* Donation.m */; };
		4C7F4EB62218D7640062380B /* UserFlow.storyboard in Resources */ = {isa = PBXBuildFile; fileRef = 4C7F4EB52218D7640062380B /* UserFlow.storyboard */; };
		4CA0E3412218E474005982F0 /* UploadViewController.m in Sources */ = {isa = PBXBuildFile; fileRef = 4CA0E3402218E474005982F0 /* UploadViewController.m */; };
		733F58E35B995DAB39A92095 /* libPods-app3.a in Frameworks */ = {isa = PBXBuildFile; fileRef = 01DE3AE1A07CCDE81AF6B38B /* libPods-app3.a */; };
		82FEE1FBA8CE4211D8E7CF36 /* libPods-app3Tests.a in Frameworks */ = {isa = PBXBuildFile; fileRef = D3F69D66BDB1360388E0BB24 /* libPods-app3Tests.a */; };
		F3240E0E2218215100887B04 /* AppDelegate.m in Sources */ = {isa = PBXBuildFile; fileRef = 4C2492CD221806DA00D9E4F0 /* AppDelegate.m */; };
		F3240E0F2218215200887B04 /* AppDelegate.m in Sources */ = {isa = PBXBuildFile; fileRef = 4C2492CD221806DA00D9E4F0 /* AppDelegate.m */; };
		F3240E2D2218684600887B04 /* returning_user.storyboard in Resources */ = {isa = PBXBuildFile; fileRef = F3240E2C2218684600887B04 /* returning_user.storyboard */; };
		F3F9549D2218C202005FD777 /* NewUserViewController.m in Sources */ = {isa = PBXBuildFile; fileRef = F3F9549C2218C202005FD777 /* NewUserViewController.m */; };
		F3F954A72218DEA4005FD777 /* NewUser.storyboard in Resources */ = {isa = PBXBuildFile; fileRef = F3F954A62218DEA4005FD777 /* NewUser.storyboard */; };
		F3F954AA2218E8A8005FD777 /* ReturningUserViewController.m in Sources */ = {isa = PBXBuildFile; fileRef = F3F954A92218E8A8005FD777 /* ReturningUserViewController.m */; };
/* End PBXBuildFile section */

/* Begin PBXContainerItemProxy section */
		4C2492E2221806DC00D9E4F0 /* PBXContainerItemProxy */ = {
			isa = PBXContainerItemProxy;
			containerPortal = 4C2492C1221806DA00D9E4F0 /* Project object */;
			proxyType = 1;
			remoteGlobalIDString = 4C2492C8221806DA00D9E4F0;
			remoteInfo = app3;
		};
		4C2492ED221806DC00D9E4F0 /* PBXContainerItemProxy */ = {
			isa = PBXContainerItemProxy;
			containerPortal = 4C2492C1221806DA00D9E4F0 /* Project object */;
			proxyType = 1;
			remoteGlobalIDString = 4C2492C8221806DA00D9E4F0;
			remoteInfo = app3;
		};
/* End PBXContainerItemProxy section */

/* Begin PBXFileReference section */
		01DE3AE1A07CCDE81AF6B38B /* libPods-app3.a */ = {isa = PBXFileReference; explicitFileType = archive.ar; includeInIndex = 0; path = "libPods-app3.a"; sourceTree = BUILT_PRODUCTS_DIR; };
		179CCB85B3CB7A111224DF23 /* Pods-app3.release.xcconfig */ = {isa = PBXFileReference; includeInIndex = 1; lastKnownFileType = text.xcconfig; name = "Pods-app3.release.xcconfig"; path = "Target Support Files/Pods-app3/Pods-app3.release.xcconfig"; sourceTree = "<group>"; };
		478488E04FCDE053957C7265 /* Pods-app3UITests.debug.xcconfig */ = {isa = PBXFileReference; includeInIndex = 1; lastKnownFileType = text.xcconfig; name = "Pods-app3UITests.debug.xcconfig"; path = "Target Support Files/Pods-app3UITests/Pods-app3UITests.debug.xcconfig"; sourceTree = "<group>"; };
		4A1E38FF3C513969E6868208 /* Pods-app3Tests.release.xcconfig */ = {isa = PBXFileReference; includeInIndex = 1; lastKnownFileType = text.xcconfig; name = "Pods-app3Tests.release.xcconfig"; path = "Target Support Files/Pods-app3Tests/Pods-app3Tests.release.xcconfig"; sourceTree = "<group>"; };
		4C2492C9221806DA00D9E4F0 /* app3.app */ = {isa = PBXFileReference; explicitFileType = wrapper.application; includeInIndex = 0; path = app3.app; sourceTree = BUILT_PRODUCTS_DIR; };
		4C2492CC221806DA00D9E4F0 /* AppDelegate.h */ = {isa = PBXFileReference; lastKnownFileType = sourcecode.c.h; path = AppDelegate.h; sourceTree = "<group>"; };
		4C2492CD221806DA00D9E4F0 /* AppDelegate.m */ = {isa = PBXFileReference; lastKnownFileType = sourcecode.c.objc; path = AppDelegate.m; sourceTree = "<group>"; };
		4C2492CF221806DA00D9E4F0 /* ViewController.h */ = {isa = PBXFileReference; lastKnownFileType = sourcecode.c.h; path = ViewController.h; sourceTree = "<group>"; };
		4C2492D0221806DA00D9E4F0 /* ViewController.m */ = {isa = PBXFileReference; lastKnownFileType = sourcecode.c.objc; path = ViewController.m; sourceTree = "<group>"; };
		4C2492D3221806DA00D9E4F0 /* Base */ = {isa = PBXFileReference; lastKnownFileType = file.storyboard; name = Base; path = Base.lproj/Main.storyboard; sourceTree = "<group>"; };
		4C2492D5221806DB00D9E4F0 /* Assets.xcassets */ = {isa = PBXFileReference; lastKnownFileType = folder.assetcatalog; path = Assets.xcassets; sourceTree = "<group>"; };
		4C2492D8221806DB00D9E4F0 /* Base */ = {isa = PBXFileReference; lastKnownFileType = file.storyboard; name = Base; path = Base.lproj/LaunchScreen.storyboard; sourceTree = "<group>"; };
		4C2492DA221806DB00D9E4F0 /* Info.plist */ = {isa = PBXFileReference; lastKnownFileType = text.plist.xml; path = Info.plist; sourceTree = "<group>"; };
		4C2492DB221806DB00D9E4F0 /* main.m */ = {isa = PBXFileReference; lastKnownFileType = sourcecode.c.objc; path = main.m; sourceTree = "<group>"; };
		4C2492E1221806DC00D9E4F0 /* app3Tests.xctest */ = {isa = PBXFileReference; explicitFileType = wrapper.cfbundle; includeInIndex = 0; path = app3Tests.xctest; sourceTree = BUILT_PRODUCTS_DIR; };
		4C2492E5221806DC00D9E4F0 /* app3Tests.m */ = {isa = PBXFileReference; lastKnownFileType = sourcecode.c.objc; path = app3Tests.m; sourceTree = "<group>"; };
		4C2492E7221806DC00D9E4F0 /* Info.plist */ = {isa = PBXFileReference; lastKnownFileType = text.plist.xml; path = Info.plist; sourceTree = "<group>"; };
		4C2492EC221806DC00D9E4F0 /* app3UITests.xctest */ = {isa = PBXFileReference; explicitFileType = wrapper.cfbundle; includeInIndex = 0; path = app3UITests.xctest; sourceTree = BUILT_PRODUCTS_DIR; };
		4C2492F0221806DC00D9E4F0 /* app3UITests.m */ = {isa = PBXFileReference; lastKnownFileType = sourcecode.c.objc; path = app3UITests.m; sourceTree = "<group>"; };
		4C2492F2221806DC00D9E4F0 /* Info.plist */ = {isa = PBXFileReference; lastKnownFileType = text.plist.xml; path = Info.plist; sourceTree = "<group>"; };
		4C2493032218119E00D9E4F0 /* GoogleService-Info.plist */ = {isa = PBXFileReference; fileEncoding = 4; lastKnownFileType = text.plist.xml; path = "GoogleService-Info.plist"; sourceTree = "<group>"; };
		4C24930D22181EB900D9E4F0 /* MapAnnotation.h */ = {isa = PBXFileReference; lastKnownFileType = sourcecode.c.h; path = MapAnnotation.h; sourceTree = "<group>"; };
		4C24930E22181EB900D9E4F0 /* MapAnnotation.m */ = {isa = PBXFileReference; lastKnownFileType = sourcecode.c.objc; path = MapAnnotation.m; sourceTree = "<group>"; };
		4C2493102218360200D9E4F0 /* PopOverViewController.h */ = {isa = PBXFileReference; lastKnownFileType = sourcecode.c.h; path = PopOverViewController.h; sourceTree = "<group>"; };
		4C2493112218360200D9E4F0 /* PopOverViewController.m */ = {isa = PBXFileReference; lastKnownFileType = sourcecode.c.objc; path = PopOverViewController.m; sourceTree = "<group>"; };
		4C7F4EAA221892250062380B /* DonationCell.h */ = {isa = PBXFileReference; lastKnownFileType = sourcecode.c.h; path = DonationCell.h; sourceTree = "<group>"; };
		4C7F4EAB221892250062380B /* DonationCell.m */ = {isa = PBXFileReference; lastKnownFileType = sourcecode.c.objc; path = DonationCell.m; sourceTree = "<group>"; };
		4C7F4EAD221893420062380B /* DonationTableViewController.h */ = {isa = PBXFileReference; lastKnownFileType = sourcecode.c.h; path = DonationTableViewController.h; sourceTree = "<group>"; };
		4C7F4EAE221893420062380B /* DonationTableViewController.m */ = {isa = PBXFileReference; lastKnownFileType = sourcecode.c.objc; path = DonationTableViewController.m; sourceTree = "<group>"; };
		4C7F4EB02218A4540062380B /* OpeningScreen.storyboard */ = {isa = PBXFileReference; fileEncoding = 4; lastKnownFileType = file.storyboard; path = OpeningScreen.storyboard; sourceTree = "<group>"; };
		4C7F4EB22218B6DE0062380B /* Donation.h */ = {isa = PBXFileReference; lastKnownFileType = sourcecode.c.h; path = Donation.h; sourceTree = "<group>"; };
		4C7F4EB32218B6DE0062380B /* Donation.m */ = {isa = PBXFileReference; lastKnownFileType = sourcecode.c.objc; path = Donation.m; sourceTree = "<group>"; };
		4C7F4EB52218D7640062380B /* UserFlow.storyboard */ = {isa = PBXFileReference; lastKnownFileType = file.storyboard; path = UserFlow.storyboard; sourceTree = "<group>"; };
		4CA0E33F2218E474005982F0 /* UploadViewController.h */ = {isa = PBXFileReference; lastKnownFileType = sourcecode.c.h; path = UploadViewController.h; sourceTree = "<group>"; };
		4CA0E3402218E474005982F0 /* UploadViewController.m */ = {isa = PBXFileReference; lastKnownFileType = sourcecode.c.objc; path = UploadViewController.m; sourceTree = "<group>"; };
		57F23D03F642939EC7619846 /* Pods-app3Tests.debug.xcconfig */ = {isa = PBXFileReference; includeInIndex = 1; lastKnownFileType = text.xcconfig; name = "Pods-app3Tests.debug.xcconfig"; path = "Target Support Files/Pods-app3Tests/Pods-app3Tests.debug.xcconfig"; sourceTree = "<group>"; };
		7B04329BBBDF376FF22E5E19 /* libPods-app3UITests.a */ = {isa = PBXFileReference; explicitFileType = archive.ar; includeInIndex = 0; path = "libPods-app3UITests.a"; sourceTree = BUILT_PRODUCTS_DIR; };
		87E84A53FD60C58300AB5859 /* Pods-app3UITests.release.xcconfig */ = {isa = PBXFileReference; includeInIndex = 1; lastKnownFileType = text.xcconfig; name = "Pods-app3UITests.release.xcconfig"; path = "Target Support Files/Pods-app3UITests/Pods-app3UITests.release.xcconfig"; sourceTree = "<group>"; };
		BCC39F301EDB7FB7D961D4AB /* Pods-app3.debug.xcconfig */ = {isa = PBXFileReference; includeInIndex = 1; lastKnownFileType = text.xcconfig; name = "Pods-app3.debug.xcconfig"; path = "Target Support Files/Pods-app3/Pods-app3.debug.xcconfig"; sourceTree = "<group>"; };
		D3F69D66BDB1360388E0BB24 /* libPods-app3Tests.a */ = {isa = PBXFileReference; explicitFileType = archive.ar; includeInIndex = 0; path = "libPods-app3Tests.a"; sourceTree = BUILT_PRODUCTS_DIR; };
		F3240E2C2218684600887B04 /* returning_user.storyboard */ = {isa = PBXFileReference; lastKnownFileType = file.storyboard; path = returning_user.storyboard; sourceTree = "<group>"; };
		F3F9549B2218C202005FD777 /* NewUserViewController.h */ = {isa = PBXFileReference; lastKnownFileType = sourcecode.c.h; path = NewUserViewController.h; sourceTree = "<group>"; };
		F3F9549C2218C202005FD777 /* NewUserViewController.m */ = {isa = PBXFileReference; lastKnownFileType = sourcecode.c.objc; path = NewUserViewController.m; sourceTree = "<group>"; };
		F3F954A62218DEA4005FD777 /* NewUser.storyboard */ = {isa = PBXFileReference; lastKnownFileType = file.storyboard; path = NewUser.storyboard; sourceTree = "<group>"; };
		F3F954A82218E8A8005FD777 /* ReturningUserViewController.h */ = {isa = PBXFileReference; lastKnownFileType = sourcecode.c.h; path = ReturningUserViewController.h; sourceTree = "<group>"; };
		F3F954A92218E8A8005FD777 /* ReturningUserViewController.m */ = {isa = PBXFileReference; lastKnownFileType = sourcecode.c.objc; path = ReturningUserViewController.m; sourceTree = "<group>"; };
/* End PBXFileReference section */

/* Begin PBXFrameworksBuildPhase section */
		4C2492C6221806DA00D9E4F0 /* Frameworks */ = {
			isa = PBXFrameworksBuildPhase;
			buildActionMask = 2147483647;
			files = (
				733F58E35B995DAB39A92095 /* libPods-app3.a in Frameworks */,
			);
			runOnlyForDeploymentPostprocessing = 0;
		};
		4C2492DE221806DC00D9E4F0 /* Frameworks */ = {
			isa = PBXFrameworksBuildPhase;
			buildActionMask = 2147483647;
			files = (
				82FEE1FBA8CE4211D8E7CF36 /* libPods-app3Tests.a in Frameworks */,
			);
			runOnlyForDeploymentPostprocessing = 0;
		};
		4C2492E9221806DC00D9E4F0 /* Frameworks */ = {
			isa = PBXFrameworksBuildPhase;
			buildActionMask = 2147483647;
			files = (
				030B977EC75649A2EDA24B51 /* libPods-app3UITests.a in Frameworks */,
			);
			runOnlyForDeploymentPostprocessing = 0;
		};
/* End PBXFrameworksBuildPhase section */

/* Begin PBXGroup section */
		42DBAD35E37BA5AD6FEBAC0C /* Pods */ = {
			isa = PBXGroup;
			children = (
				BCC39F301EDB7FB7D961D4AB /* Pods-app3.debug.xcconfig */,
				179CCB85B3CB7A111224DF23 /* Pods-app3.release.xcconfig */,
				57F23D03F642939EC7619846 /* Pods-app3Tests.debug.xcconfig */,
				4A1E38FF3C513969E6868208 /* Pods-app3Tests.release.xcconfig */,
				478488E04FCDE053957C7265 /* Pods-app3UITests.debug.xcconfig */,
				87E84A53FD60C58300AB5859 /* Pods-app3UITests.release.xcconfig */,
			);
			path = Pods;
			sourceTree = "<group>";
		};
		4C2492C0221806DA00D9E4F0 = {
			isa = PBXGroup;
			children = (
				4C2492CB221806DA00D9E4F0 /* app3 */,
				4C2492E4221806DC00D9E4F0 /* app3Tests */,
				4C2492EF221806DC00D9E4F0 /* app3UITests */,
				4C2492CA221806DA00D9E4F0 /* Products */,
				42DBAD35E37BA5AD6FEBAC0C /* Pods */,
				77C3333D00DDE3EFDFCAD075 /* Frameworks */,
			);
			sourceTree = "<group>";
		};
		4C2492CA221806DA00D9E4F0 /* Products */ = {
			isa = PBXGroup;
			children = (
				4C2492C9221806DA00D9E4F0 /* app3.app */,
				4C2492E1221806DC00D9E4F0 /* app3Tests.xctest */,
				4C2492EC221806DC00D9E4F0 /* app3UITests.xctest */,
			);
			name = Products;
			sourceTree = "<group>";
		};
		4C2492CB221806DA00D9E4F0 /* app3 */ = {
			isa = PBXGroup;
			children = (
				4C2493032218119E00D9E4F0 /* GoogleService-Info.plist */,
				4C2492CC221806DA00D9E4F0 /* AppDelegate.h */,
				4C2492CD221806DA00D9E4F0 /* AppDelegate.m */,
				4C2492CF221806DA00D9E4F0 /* ViewController.h */,
				4C2492D0221806DA00D9E4F0 /* ViewController.m */,
				4C2492D2221806DA00D9E4F0 /* Main.storyboard */,
				4C2492D5221806DB00D9E4F0 /* Assets.xcassets */,
				4C2492D7221806DB00D9E4F0 /* LaunchScreen.storyboard */,
				4C2492DA221806DB00D9E4F0 /* Info.plist */,
				4C7F4EB02218A4540062380B /* OpeningScreen.storyboard */,
				4C2492DB221806DB00D9E4F0 /* main.m */,
				4C24930D22181EB900D9E4F0 /* MapAnnotation.h */,
				4C24930E22181EB900D9E4F0 /* MapAnnotation.m */,
				4C2493102218360200D9E4F0 /* PopOverViewController.h */,
				4C2493112218360200D9E4F0 /* PopOverViewController.m */,
				F3F9549B2218C202005FD777 /* NewUserViewController.h */,
				F3F9549C2218C202005FD777 /* NewUserViewController.m */,
				F3240E2C2218684600887B04 /* returning_user.storyboard */,
				F3F954A82218E8A8005FD777 /* ReturningUserViewController.h */,
				F3F954A92218E8A8005FD777 /* ReturningUserViewController.m */,
				4C7F4EAD221893420062380B /* DonationTableViewController.h */,
				4C7F4EAE221893420062380B /* DonationTableViewController.m */,
				4C7F4EAA221892250062380B /* DonationCell.h */,
				4C7F4EAB221892250062380B /* DonationCell.m */,
				4C7F4EB22218B6DE0062380B /* Donation.h */,
				4C7F4EB32218B6DE0062380B /* Donation.m */,
				4C7F4EB52218D7640062380B /* UserFlow.storyboard */,
				F3F954A62218DEA4005FD777 /* NewUser.storyboard */,
				4CA0E33F2218E474005982F0 /* UploadViewController.h */,
				4CA0E3402218E474005982F0 /* UploadViewController.m */,
			);
			path = app3;
			sourceTree = "<group>";
		};
		4C2492E4221806DC00D9E4F0 /* app3Tests */ = {
			isa = PBXGroup;
			children = (
				4C2492E5221806DC00D9E4F0 /* app3Tests.m */,
				4C2492E7221806DC00D9E4F0 /* Info.plist */,
			);
			path = app3Tests;
			sourceTree = "<group>";
		};
		4C2492EF221806DC00D9E4F0 /* app3UITests */ = {
			isa = PBXGroup;
			children = (
				4C2492F0221806DC00D9E4F0 /* app3UITests.m */,
				4C2492F2221806DC00D9E4F0 /* Info.plist */,
			);
			path = app3UITests;
			sourceTree = "<group>";
		};
		77C3333D00DDE3EFDFCAD075 /* Frameworks */ = {
			isa = PBXGroup;
			children = (
				01DE3AE1A07CCDE81AF6B38B /* libPods-app3.a */,
				D3F69D66BDB1360388E0BB24 /* libPods-app3Tests.a */,
				7B04329BBBDF376FF22E5E19 /* libPods-app3UITests.a */,
			);
			name = Frameworks;
			sourceTree = "<group>";
		};
/* End PBXGroup section */

/* Begin PBXNativeTarget section */
		4C2492C8221806DA00D9E4F0 /* app3 */ = {
			isa = PBXNativeTarget;
			buildConfigurationList = 4C2492F5221806DC00D9E4F0 /* Build configuration list for PBXNativeTarget "app3" */;
			buildPhases = (
				86C2A3417A209E58CD4406BB /* [CP] Check Pods Manifest.lock */,
				4C2492C5221806DA00D9E4F0 /* Sources */,
				4C2492C6221806DA00D9E4F0 /* Frameworks */,
				4C2492C7221806DA00D9E4F0 /* Resources */,
				5BABB6CCD0B7FE5AA02C780F /* [CP] Copy Pods Resources */,
			);
			buildRules = (
			);
			dependencies = (
			);
			name = app3;
			productName = app3;
			productReference = 4C2492C9221806DA00D9E4F0 /* app3.app */;
			productType = "com.apple.product-type.application";
		};
		4C2492E0221806DC00D9E4F0 /* app3Tests */ = {
			isa = PBXNativeTarget;
			buildConfigurationList = 4C2492F8221806DC00D9E4F0 /* Build configuration list for PBXNativeTarget "app3Tests" */;
			buildPhases = (
				A5B50E281F2A2CECEBF71587 /* [CP] Check Pods Manifest.lock */,
				4C2492DD221806DC00D9E4F0 /* Sources */,
				4C2492DE221806DC00D9E4F0 /* Frameworks */,
				4C2492DF221806DC00D9E4F0 /* Resources */,
			);
			buildRules = (
			);
			dependencies = (
				4C2492E3221806DC00D9E4F0 /* PBXTargetDependency */,
			);
			name = app3Tests;
			productName = app3Tests;
			productReference = 4C2492E1221806DC00D9E4F0 /* app3Tests.xctest */;
			productType = "com.apple.product-type.bundle.unit-test";
		};
		4C2492EB221806DC00D9E4F0 /* app3UITests */ = {
			isa = PBXNativeTarget;
			buildConfigurationList = 4C2492FB221806DC00D9E4F0 /* Build configuration list for PBXNativeTarget "app3UITests" */;
			buildPhases = (
				A6256A1B332857BFE6794B73 /* [CP] Check Pods Manifest.lock */,
				4C2492E8221806DC00D9E4F0 /* Sources */,
				4C2492E9221806DC00D9E4F0 /* Frameworks */,
				4C2492EA221806DC00D9E4F0 /* Resources */,
			);
			buildRules = (
			);
			dependencies = (
				4C2492EE221806DC00D9E4F0 /* PBXTargetDependency */,
			);
			name = app3UITests;
			productName = app3UITests;
			productReference = 4C2492EC221806DC00D9E4F0 /* app3UITests.xctest */;
			productType = "com.apple.product-type.bundle.ui-testing";
		};
/* End PBXNativeTarget section */

/* Begin PBXProject section */
		4C2492C1221806DA00D9E4F0 /* Project object */ = {
			isa = PBXProject;
			attributes = {
				LastUpgradeCheck = 1010;
				ORGANIZATIONNAME = "Ginger Dudley";
				TargetAttributes = {
					4C2492C8221806DA00D9E4F0 = {
						CreatedOnToolsVersion = 10.1;
					};
					4C2492E0221806DC00D9E4F0 = {
						CreatedOnToolsVersion = 10.1;
						TestTargetID = 4C2492C8221806DA00D9E4F0;
					};
					4C2492EB221806DC00D9E4F0 = {
						CreatedOnToolsVersion = 10.1;
						TestTargetID = 4C2492C8221806DA00D9E4F0;
					};
				};
			};
			buildConfigurationList = 4C2492C4221806DA00D9E4F0 /* Build configuration list for PBXProject "app3" */;
			compatibilityVersion = "Xcode 9.3";
			developmentRegion = en;
			hasScannedForEncodings = 0;
			knownRegions = (
				en,
				Base,
			);
			mainGroup = 4C2492C0221806DA00D9E4F0;
			productRefGroup = 4C2492CA221806DA00D9E4F0 /* Products */;
			projectDirPath = "";
			projectRoot = "";
			targets = (
				4C2492C8221806DA00D9E4F0 /* app3 */,
				4C2492E0221806DC00D9E4F0 /* app3Tests */,
				4C2492EB221806DC00D9E4F0 /* app3UITests */,
			);
		};
/* End PBXProject section */

/* Begin PBXResourcesBuildPhase section */
		4C2492C7221806DA00D9E4F0 /* Resources */ = {
			isa = PBXResourcesBuildPhase;
			buildActionMask = 2147483647;
			files = (
				4C2492D9221806DB00D9E4F0 /* LaunchScreen.storyboard in Resources */,
				4C7F4EB62218D7640062380B /* UserFlow.storyboard in Resources */,
				4C2492D6221806DB00D9E4F0 /* Assets.xcassets in Resources */,
				4C2493042218119E00D9E4F0 /* GoogleService-Info.plist in Resources */,
				F3F954A72218DEA4005FD777 /* NewUser.storyboard in Resources */,
				4C7F4EB12218A4550062380B /* OpeningScreen.storyboard in Resources */,
				F3240E2D2218684600887B04 /* returning_user.storyboard in Resources */,
				4C2492D4221806DA00D9E4F0 /* Main.storyboard in Resources */,
			);
			runOnlyForDeploymentPostprocessing = 0;
		};
		4C2492DF221806DC00D9E4F0 /* Resources */ = {
			isa = PBXResourcesBuildPhase;
			buildActionMask = 2147483647;
			files = (
				4C2493052218119E00D9E4F0 /* GoogleService-Info.plist in Resources */,
			);
			runOnlyForDeploymentPostprocessing = 0;
		};
		4C2492EA221806DC00D9E4F0 /* Resources */ = {
			isa = PBXResourcesBuildPhase;
			buildActionMask = 2147483647;
			files = (
				4C2493062218119E00D9E4F0 /* GoogleService-Info.plist in Resources */,
			);
			runOnlyForDeploymentPostprocessing = 0;
		};
/* End PBXResourcesBuildPhase section */

/* Begin PBXShellScriptBuildPhase section */
		5BABB6CCD0B7FE5AA02C780F /* [CP] Copy Pods Resources */ = {
			isa = PBXShellScriptBuildPhase;
			buildActionMask = 2147483647;
			files = (
			);
			inputFileListPaths = (
			);
			inputPaths = (
				"${PODS_ROOT}/Target Support Files/Pods-app3/Pods-app3-resources.sh",
				"${PODS_CONFIGURATION_BUILD_DIR}/gRPC-C++/gRPCCertificates.bundle",
			);
			name = "[CP] Copy Pods Resources";
			outputFileListPaths = (
			);
			outputPaths = (
				"${TARGET_BUILD_DIR}/${UNLOCALIZED_RESOURCES_FOLDER_PATH}/gRPCCertificates.bundle",
			);
			runOnlyForDeploymentPostprocessing = 0;
			shellPath = /bin/sh;
			shellScript = "\"${PODS_ROOT}/Target Support Files/Pods-app3/Pods-app3-resources.sh\"\n";
			showEnvVarsInLog = 0;
		};
		86C2A3417A209E58CD4406BB /* [CP] Check Pods Manifest.lock */ = {
			isa = PBXShellScriptBuildPhase;
			buildActionMask = 2147483647;
			files = (
			);
			inputFileListPaths = (
			);
			inputPaths = (
				"${PODS_PODFILE_DIR_PATH}/Podfile.lock",
				"${PODS_ROOT}/Manifest.lock",
			);
			name = "[CP] Check Pods Manifest.lock";
			outputFileListPaths = (
			);
			outputPaths = (
				"$(DERIVED_FILE_DIR)/Pods-app3-checkManifestLockResult.txt",
			);
			runOnlyForDeploymentPostprocessing = 0;
			shellPath = /bin/sh;
			shellScript = "diff \"${PODS_PODFILE_DIR_PATH}/Podfile.lock\" \"${PODS_ROOT}/Manifest.lock\" > /dev/null\nif [ $? != 0 ] ; then\n    # print error to STDERR\n    echo \"error: The sandbox is not in sync with the Podfile.lock. Run 'pod install' or update your CocoaPods installation.\" >&2\n    exit 1\nfi\n# This output is used by Xcode 'outputs' to avoid re-running this script phase.\necho \"SUCCESS\" > \"${SCRIPT_OUTPUT_FILE_0}\"\n";
			showEnvVarsInLog = 0;
		};
		A5B50E281F2A2CECEBF71587 /* [CP] Check Pods Manifest.lock */ = {
			isa = PBXShellScriptBuildPhase;
			buildActionMask = 2147483647;
			files = (
			);
			inputFileListPaths = (
			);
			inputPaths = (
				"${PODS_PODFILE_DIR_PATH}/Podfile.lock",
				"${PODS_ROOT}/Manifest.lock",
			);
			name = "[CP] Check Pods Manifest.lock";
			outputFileListPaths = (
			);
			outputPaths = (
				"$(DERIVED_FILE_DIR)/Pods-app3Tests-checkManifestLockResult.txt",
			);
			runOnlyForDeploymentPostprocessing = 0;
			shellPath = /bin/sh;
			shellScript = "diff \"${PODS_PODFILE_DIR_PATH}/Podfile.lock\" \"${PODS_ROOT}/Manifest.lock\" > /dev/null\nif [ $? != 0 ] ; then\n    # print error to STDERR\n    echo \"error: The sandbox is not in sync with the Podfile.lock. Run 'pod install' or update your CocoaPods installation.\" >&2\n    exit 1\nfi\n# This output is used by Xcode 'outputs' to avoid re-running this script phase.\necho \"SUCCESS\" > \"${SCRIPT_OUTPUT_FILE_0}\"\n";
			showEnvVarsInLog = 0;
		};
		A6256A1B332857BFE6794B73 /* [CP] Check Pods Manifest.lock */ = {
			isa = PBXShellScriptBuildPhase;
			buildActionMask = 2147483647;
			files = (
			);
			inputFileListPaths = (
			);
			inputPaths = (
				"${PODS_PODFILE_DIR_PATH}/Podfile.lock",
				"${PODS_ROOT}/Manifest.lock",
			);
			name = "[CP] Check Pods Manifest.lock";
			outputFileListPaths = (
			);
			outputPaths = (
				"$(DERIVED_FILE_DIR)/Pods-app3UITests-checkManifestLockResult.txt",
			);
			runOnlyForDeploymentPostprocessing = 0;
			shellPath = /bin/sh;
			shellScript = "diff \"${PODS_PODFILE_DIR_PATH}/Podfile.lock\" \"${PODS_ROOT}/Manifest.lock\" > /dev/null\nif [ $? != 0 ] ; then\n    # print error to STDERR\n    echo \"error: The sandbox is not in sync with the Podfile.lock. Run 'pod install' or update your CocoaPods installation.\" >&2\n    exit 1\nfi\n# This output is used by Xcode 'outputs' to avoid re-running this script phase.\necho \"SUCCESS\" > \"${SCRIPT_OUTPUT_FILE_0}\"\n";
			showEnvVarsInLog = 0;
		};
/* End PBXShellScriptBuildPhase section */

/* Begin PBXSourcesBuildPhase section */
		4C2492C5221806DA00D9E4F0 /* Sources */ = {
			isa = PBXSourcesBuildPhase;
			buildActionMask = 2147483647;
			files = (
				4C2492D1221806DA00D9E4F0 /* ViewController.m in Sources */,
				4C7F4EB42218B6DE0062380B /* Donation.m in Sources */,
				4C2492DC221806DB00D9E4F0 /* main.m in Sources */,
				4CA0E3412218E474005982F0 /* UploadViewController.m in Sources */,
				4C7F4EAF221893420062380B /* DonationTableViewController.m in Sources */,
				F3F954AA2218E8A8005FD777 /* ReturningUserViewController.m in Sources */,
				4C2493122218360300D9E4F0 /* PopOverViewController.m in Sources */,
				4C2492CE221806DA00D9E4F0 /* AppDelegate.m in Sources */,
				4C24930F22181EB900D9E4F0 /* MapAnnotation.m in Sources */,
				F3F9549D2218C202005FD777 /* NewUserViewController.m in Sources */,
				4C7F4EAC221892250062380B /* DonationCell.m in Sources */,
			);
			runOnlyForDeploymentPostprocessing = 0;
		};
		4C2492DD221806DC00D9E4F0 /* Sources */ = {
			isa = PBXSourcesBuildPhase;
			buildActionMask = 2147483647;
			files = (
				F3240E0E2218215100887B04 /* AppDelegate.m in Sources */,
				4C2492E6221806DC00D9E4F0 /* app3Tests.m in Sources */,
			);
			runOnlyForDeploymentPostprocessing = 0;
		};
		4C2492E8221806DC00D9E4F0 /* Sources */ = {
			isa = PBXSourcesBuildPhase;
			buildActionMask = 2147483647;
			files = (
				F3240E0F2218215200887B04 /* AppDelegate.m in Sources */,
				4C2492F1221806DC00D9E4F0 /* app3UITests.m in Sources */,
			);
			runOnlyForDeploymentPostprocessing = 0;
		};
/* End PBXSourcesBuildPhase section */

/* Begin PBXTargetDependency section */
		4C2492E3221806DC00D9E4F0 /* PBXTargetDependency */ = {
			isa = PBXTargetDependency;
			target = 4C2492C8221806DA00D9E4F0 /* app3 */;
			targetProxy = 4C2492E2221806DC00D9E4F0 /* PBXContainerItemProxy */;
		};
		4C2492EE221806DC00D9E4F0 /* PBXTargetDependency */ = {
			isa = PBXTargetDependency;
			target = 4C2492C8221806DA00D9E4F0 /* app3 */;
			targetProxy = 4C2492ED221806DC00D9E4F0 /* PBXContainerItemProxy */;
		};
/* End PBXTargetDependency section */

/* Begin PBXVariantGroup section */
		4C2492D2221806DA00D9E4F0 /* Main.storyboard */ = {
			isa = PBXVariantGroup;
			children = (
				4C2492D3221806DA00D9E4F0 /* Base */,
			);
			name = Main.storyboard;
			sourceTree = "<group>";
		};
		4C2492D7221806DB00D9E4F0 /* LaunchScreen.storyboard */ = {
			isa = PBXVariantGroup;
			children = (
				4C2492D8221806DB00D9E4F0 /* Base */,
			);
			name = LaunchScreen.storyboard;
			sourceTree = "<group>";
		};
/* End PBXVariantGroup section */

/* Begin XCBuildConfiguration section */
		4C2492F3221806DC00D9E4F0 /* Debug */ = {
			isa = XCBuildConfiguration;
			buildSettings = {
				ALWAYS_SEARCH_USER_PATHS = NO;
				CLANG_ANALYZER_NONNULL = YES;
				CLANG_ANALYZER_NUMBER_OBJECT_CONVERSION = YES_AGGRESSIVE;
				CLANG_CXX_LANGUAGE_STANDARD = "gnu++14";
				CLANG_CXX_LIBRARY = "libc++";
				CLANG_ENABLE_MODULES = YES;
				CLANG_ENABLE_OBJC_ARC = YES;
				CLANG_ENABLE_OBJC_WEAK = YES;
				CLANG_WARN_BLOCK_CAPTURE_AUTORELEASING = YES;
				CLANG_WARN_BOOL_CONVERSION = YES;
				CLANG_WARN_COMMA = YES;
				CLANG_WARN_CONSTANT_CONVERSION = YES;
				CLANG_WARN_DEPRECATED_OBJC_IMPLEMENTATIONS = YES;
				CLANG_WARN_DIRECT_OBJC_ISA_USAGE = YES_ERROR;
				CLANG_WARN_DOCUMENTATION_COMMENTS = YES;
				CLANG_WARN_EMPTY_BODY = YES;
				CLANG_WARN_ENUM_CONVERSION = YES;
				CLANG_WARN_INFINITE_RECURSION = YES;
				CLANG_WARN_INT_CONVERSION = YES;
				CLANG_WARN_NON_LITERAL_NULL_CONVERSION = YES;
				CLANG_WARN_OBJC_IMPLICIT_RETAIN_SELF = YES;
				CLANG_WARN_OBJC_LITERAL_CONVERSION = YES;
				CLANG_WARN_OBJC_ROOT_CLASS = YES_ERROR;
				CLANG_WARN_RANGE_LOOP_ANALYSIS = YES;
				CLANG_WARN_STRICT_PROTOTYPES = YES;
				CLANG_WARN_SUSPICIOUS_MOVE = YES;
				CLANG_WARN_UNGUARDED_AVAILABILITY = YES_AGGRESSIVE;
				CLANG_WARN_UNREACHABLE_CODE = YES;
				CLANG_WARN__DUPLICATE_METHOD_MATCH = YES;
				CODE_SIGN_IDENTITY = "iPhone Developer";
				COPY_PHASE_STRIP = NO;
				DEBUG_INFORMATION_FORMAT = dwarf;
				ENABLE_STRICT_OBJC_MSGSEND = YES;
				ENABLE_TESTABILITY = YES;
				GCC_C_LANGUAGE_STANDARD = gnu11;
				GCC_DYNAMIC_NO_PIC = NO;
				GCC_NO_COMMON_BLOCKS = YES;
				GCC_OPTIMIZATION_LEVEL = 0;
				GCC_PREPROCESSOR_DEFINITIONS = (
					"DEBUG=1",
					"$(inherited)",
				);
				GCC_WARN_64_TO_32_BIT_CONVERSION = YES;
				GCC_WARN_ABOUT_RETURN_TYPE = YES_ERROR;
				GCC_WARN_UNDECLARED_SELECTOR = YES;
				GCC_WARN_UNINITIALIZED_AUTOS = YES_AGGRESSIVE;
				GCC_WARN_UNUSED_FUNCTION = YES;
				GCC_WARN_UNUSED_VARIABLE = YES;
				IPHONEOS_DEPLOYMENT_TARGET = 12.1;
				MTL_ENABLE_DEBUG_INFO = INCLUDE_SOURCE;
				MTL_FAST_MATH = YES;
				ONLY_ACTIVE_ARCH = YES;
				SDKROOT = iphoneos;
			};
			name = Debug;
		};
		4C2492F4221806DC00D9E4F0 /* Release */ = {
			isa = XCBuildConfiguration;
			buildSettings = {
				ALWAYS_SEARCH_USER_PATHS = NO;
				CLANG_ANALYZER_NONNULL = YES;
				CLANG_ANALYZER_NUMBER_OBJECT_CONVERSION = YES_AGGRESSIVE;
				CLANG_CXX_LANGUAGE_STANDARD = "gnu++14";
				CLANG_CXX_LIBRARY = "libc++";
				CLANG_ENABLE_MODULES = YES;
				CLANG_ENABLE_OBJC_ARC = YES;
				CLANG_ENABLE_OBJC_WEAK = YES;
				CLANG_WARN_BLOCK_CAPTURE_AUTORELEASING = YES;
				CLANG_WARN_BOOL_CONVERSION = YES;
				CLANG_WARN_COMMA = YES;
				CLANG_WARN_CONSTANT_CONVERSION = YES;
				CLANG_WARN_DEPRECATED_OBJC_IMPLEMENTATIONS = YES;
				CLANG_WARN_DIRECT_OBJC_ISA_USAGE = YES_ERROR;
				CLANG_WARN_DOCUMENTATION_COMMENTS = YES;
				CLANG_WARN_EMPTY_BODY = YES;
				CLANG_WARN_ENUM_CONVERSION = YES;
				CLANG_WARN_INFINITE_RECURSION = YES;
				CLANG_WARN_INT_CONVERSION = YES;
				CLANG_WARN_NON_LITERAL_NULL_CONVERSION = YES;
				CLANG_WARN_OBJC_IMPLICIT_RETAIN_SELF = YES;
				CLANG_WARN_OBJC_LITERAL_CONVERSION = YES;
				CLANG_WARN_OBJC_ROOT_CLASS = YES_ERROR;
				CLANG_WARN_RANGE_LOOP_ANALYSIS = YES;
				CLANG_WARN_STRICT_PROTOTYPES = YES;
				CLANG_WARN_SUSPICIOUS_MOVE = YES;
				CLANG_WARN_UNGUARDED_AVAILABILITY = YES_AGGRESSIVE;
				CLANG_WARN_UNREACHABLE_CODE = YES;
				CLANG_WARN__DUPLICATE_METHOD_MATCH = YES;
				CODE_SIGN_IDENTITY = "iPhone Developer";
				COPY_PHASE_STRIP = NO;
				DEBUG_INFORMATION_FORMAT = "dwarf-with-dsym";
				ENABLE_NS_ASSERTIONS = NO;
				ENABLE_STRICT_OBJC_MSGSEND = YES;
				GCC_C_LANGUAGE_STANDARD = gnu11;
				GCC_NO_COMMON_BLOCKS = YES;
				GCC_WARN_64_TO_32_BIT_CONVERSION = YES;
				GCC_WARN_ABOUT_RETURN_TYPE = YES_ERROR;
				GCC_WARN_UNDECLARED_SELECTOR = YES;
				GCC_WARN_UNINITIALIZED_AUTOS = YES_AGGRESSIVE;
				GCC_WARN_UNUSED_FUNCTION = YES;
				GCC_WARN_UNUSED_VARIABLE = YES;
				IPHONEOS_DEPLOYMENT_TARGET = 12.1;
				MTL_ENABLE_DEBUG_INFO = NO;
				MTL_FAST_MATH = YES;
				SDKROOT = iphoneos;
				VALIDATE_PRODUCT = YES;
			};
			name = Release;
		};
		4C2492F6221806DC00D9E4F0 /* Debug */ = {
			isa = XCBuildConfiguration;
			baseConfigurationReference = BCC39F301EDB7FB7D961D4AB /* Pods-app3.debug.xcconfig */;
			buildSettings = {
				ASSETCATALOG_COMPILER_APPICON_NAME = AppIcon;
				CLANG_ENABLE_OBJC_ARC = NO;
				CODE_SIGN_STYLE = Automatic;
				DEVELOPMENT_TEAM = JQJ55SDWUK;
				ENABLE_BITCODE = NO;
				INFOPLIST_FILE = app3/Info.plist;
				LD_RUNPATH_SEARCH_PATHS = (
					"$(inherited)",
					"@executable_path/Frameworks",
				);
				PRODUCT_BUNDLE_IDENTIFIER = gingerdudley.app3;
				PRODUCT_NAME = "$(TARGET_NAME)";
				TARGETED_DEVICE_FAMILY = "1,2";
			};
			name = Debug;
		};
		4C2492F7221806DC00D9E4F0 /* Release */ = {
			isa = XCBuildConfiguration;
			baseConfigurationReference = 179CCB85B3CB7A111224DF23 /* Pods-app3.release.xcconfig */;
			buildSettings = {
				ASSETCATALOG_COMPILER_APPICON_NAME = AppIcon;
				CLANG_ENABLE_OBJC_ARC = NO;
				CODE_SIGN_STYLE = Automatic;
				DEVELOPMENT_TEAM = JQJ55SDWUK;
				ENABLE_BITCODE = NO;
				INFOPLIST_FILE = app3/Info.plist;
				LD_RUNPATH_SEARCH_PATHS = (
					"$(inherited)",
					"@executable_path/Frameworks",
				);
				PRODUCT_BUNDLE_IDENTIFIER = gingerdudley.app3;
				PRODUCT_NAME = "$(TARGET_NAME)";
				TARGETED_DEVICE_FAMILY = "1,2";
			};
			name = Release;
		};
		4C2492F9221806DC00D9E4F0 /* Debug */ = {
			isa = XCBuildConfiguration;
			baseConfigurationReference = 57F23D03F642939EC7619846 /* Pods-app3Tests.debug.xcconfig */;
			buildSettings = {
				BUNDLE_LOADER = "$(TEST_HOST)";
				CODE_SIGN_STYLE = Automatic;
				INFOPLIST_FILE = app3Tests/Info.plist;
				LD_RUNPATH_SEARCH_PATHS = (
					"$(inherited)",
					"@executable_path/Frameworks",
					"@loader_path/Frameworks",
				);
				PRODUCT_BUNDLE_IDENTIFIER = gingerdudley.app3Tests;
				PRODUCT_NAME = "$(TARGET_NAME)";
				TARGETED_DEVICE_FAMILY = "1,2";
				TEST_HOST = "$(BUILT_PRODUCTS_DIR)/app3.app/app3";
			};
			name = Debug;
		};
		4C2492FA221806DC00D9E4F0 /* Release */ = {
			isa = XCBuildConfiguration;
			baseConfigurationReference = 4A1E38FF3C513969E6868208 /* Pods-app3Tests.release.xcconfig */;
			buildSettings = {
				BUNDLE_LOADER = "$(TEST_HOST)";
				CODE_SIGN_STYLE = Automatic;
				INFOPLIST_FILE = app3Tests/Info.plist;
				LD_RUNPATH_SEARCH_PATHS = (
					"$(inherited)",
					"@executable_path/Frameworks",
					"@loader_path/Frameworks",
				);
				PRODUCT_BUNDLE_IDENTIFIER = gingerdudley.app3Tests;
				PRODUCT_NAME = "$(TARGET_NAME)";
				TARGETED_DEVICE_FAMILY = "1,2";
				TEST_HOST = "$(BUILT_PRODUCTS_DIR)/app3.app/app3";
			};
			name = Release;
		};
		4C2492FC221806DC00D9E4F0 /* Debug */ = {
			isa = XCBuildConfiguration;
			baseConfigurationReference = 478488E04FCDE053957C7265 /* Pods-app3UITests.debug.xcconfig */;
			buildSettings = {
				CODE_SIGN_STYLE = Automatic;
				INFOPLIST_FILE = app3UITests/Info.plist;
				LD_RUNPATH_SEARCH_PATHS = (
					"$(inherited)",
					"@executable_path/Frameworks",
					"@loader_path/Frameworks",
				);
				PRODUCT_BUNDLE_IDENTIFIER = gingerdudley.app3UITests;
				PRODUCT_NAME = "$(TARGET_NAME)";
				TARGETED_DEVICE_FAMILY = "1,2";
				TEST_TARGET_NAME = app3;
			};
			name = Debug;
		};
		4C2492FD221806DC00D9E4F0 /* Release */ = {
			isa = XCBuildConfiguration;
			baseConfigurationReference = 87E84A53FD60C58300AB5859 /* Pods-app3UITests.release.xcconfig */;
			buildSettings = {
				CODE_SIGN_STYLE = Automatic;
				INFOPLIST_FILE = app3UITests/Info.plist;
				LD_RUNPATH_SEARCH_PATHS = (
					"$(inherited)",
					"@executable_path/Frameworks",
					"@loader_path/Frameworks",
				);
				PRODUCT_BUNDLE_IDENTIFIER = gingerdudley.app3UITests;
				PRODUCT_NAME = "$(TARGET_NAME)";
				TARGETED_DEVICE_FAMILY = "1,2";
				TEST_TARGET_NAME = app3;
			};
			name = Release;
		};
/* End XCBuildConfiguration section */

/* Begin XCConfigurationList section */
		4C2492C4221806DA00D9E4F0 /* Build configuration list for PBXProject "app3" */ = {
			isa = XCConfigurationList;
			buildConfigurations = (
				4C2492F3221806DC00D9E4F0 /* Debug */,
				4C2492F4221806DC00D9E4F0 /* Release */,
			);
			defaultConfigurationIsVisible = 0;
			defaultConfigurationName = Release;
		};
		4C2492F5221806DC00D9E4F0 /* Build configuration list for PBXNativeTarget "app3" */ = {
			isa = XCConfigurationList;
			buildConfigurations = (
				4C2492F6221806DC00D9E4F0 /* Debug */,
				4C2492F7221806DC00D9E4F0 /* Release */,
			);
			defaultConfigurationIsVisible = 0;
			defaultConfigurationName = Release;
		};
		4C2492F8221806DC00D9E4F0 /* Build configuration list for PBXNativeTarget "app3Tests" */ = {
			isa = XCConfigurationList;
			buildConfigurations = (
				4C2492F9221806DC00D9E4F0 /* Debug */,
				4C2492FA221806DC00D9E4F0 /* Release */,
			);
			defaultConfigurationIsVisible = 0;
			defaultConfigurationName = Release;
		};
		4C2492FB221806DC00D9E4F0 /* Build configuration list for PBXNativeTarget "app3UITests" */ = {
			isa = XCConfigurationList;
			buildConfigurations = (
				4C2492FC221806DC00D9E4F0 /* Debug */,
				4C2492FD221806DC00D9E4F0 /* Release */,
			);
			defaultConfigurationIsVisible = 0;
			defaultConfigurationName = Release;
		};
/* End XCConfigurationList section */
	};
	rootObject = 4C2492C1221806DA00D9E4F0 /* Project object */;
}
